
Microsoft Visual Studio Solution File, Format Version 12.00
# Visual Studio 14
VisualStudioVersion = 14.0.24720.0
MinimumVisualStudioVersion = 10.0.40219.1
Project("{FAE04EC0-301F-11D3-BF4B-00C04F79EFBC}") = "UsrWin.Core", "UsrWin.Core\UsrWin.Core.csproj", "{7DD5A7D4-D8C3-4D9A-95FB-975C302AB63B}"
EndProject
Project("{FAE04EC0-301F-11D3-BF4B-00C04F79EFBC}") = "UsrWin.Test", "UsrWin.Test\UsrWin.Test.csproj", "{11301BF4-4AF3-4EFA-B84C-EF676357E4A0}"
EndProject
Project("{FAE04EC0-301F-11D3-BF4B-00C04F79EFBC}") = "UsrWin.UIElement", "UsrWin.UIElement\UsrWin.UIElement.csproj", "{22743880-C091-4144-8F12-490A50256529}"
EndProject
Project("{FAE04EC0-301F-11D3-BF4B-00C04F79EFBC}") = "UsrWin.UI.Win10", "UsrWin.UI.Win10\UsrWin.UI.Win10.csproj", "{8C19691C-45AF-4AF3-ACE5-69772F8BE205}"
EndProject
Project("{9092AA53-FB77-4645-B42D-1CCCA6BD08BD}") = "MockDevice", "MockDevice\MockDevice.njsproj", "{CE7B9158-24B4-4FB8-810B-3E361CD3BC95}"
EndProject
Global
	GlobalSection(SolutionConfigurationPlatforms) = preSolution
		Debug|Any CPU = Debug|Any CPU
		Debug|ARM = Debug|ARM
		Debug|x64 = Debug|x64
		Debug|x86 = Debug|x86
		Release|Any CPU = Release|Any CPU
		Release|ARM = Release|ARM
		Release|x64 = Release|x64
		Release|x86 = Release|x86
	EndGlobalSection
	GlobalSection(ProjectConfigurationPlatforms) = postSolution
		{7DD5A7D4-D8C3-4D9A-95FB-975C302AB63B}.Debug|Any CPU.ActiveCfg = Debug|Any CPU
		{7DD5A7D4-D8C3-4D9A-95FB-975C302AB63B}.Debug|Any CPU.Build.0 = Debug|Any CPU
		{7DD5A7D4-D8C3-4D9A-95FB-975C302AB63B}.Debug|ARM.ActiveCfg = Debug|Any CPU
		{7DD5A7D4-D8C3-4D9A-95FB-975C302AB63B}.Debug|ARM.Build.0 = Debug|Any CPU
		{7DD5A7D4-D8C3-4D9A-95FB-975C302AB63B}.Debug|x64.ActiveCfg = Debug|Any CPU
		{7DD5A7D4-D8C3-4D9A-95FB-975C302AB63B}.Debug|x64.Build.0 = Debug|Any CPU
		{7DD5A7D4-D8C3-4D9A-95FB-975C302AB63B}.Debug|x86.ActiveCfg = Debug|Any CPU
		{7DD5A7D4-D8C3-4D9A-95FB-975C302AB63B}.Debug|x86.Build.0 = Debug|Any CPU
		{7DD5A7D4-D8C3-4D9A-95FB-975C302AB63B}.Release|Any CPU.ActiveCfg = Release|Any CPU
		{7DD5A7D4-D8C3-4D9A-95FB-975C302AB63B}.Release|Any CPU.Build.0 = Release|Any CPU
		{7DD5A7D4-D8C3-4D9A-95FB-975C302AB63B}.Release|ARM.ActiveCfg = Release|Any CPU
		{7DD5A7D4-D8C3-4D9A-95FB-975C302AB63B}.Release|ARM.Build.0 = Release|Any CPU
		{7DD5A7D4-D8C3-4D9A-95FB-975C302AB63B}.Release|x64.ActiveCfg = Release|Any CPU
		{7DD5A7D4-D8C3-4D9A-95FB-975C302AB63B}.Release|x64.Build.0 = Release|Any CPU
		{7DD5A7D4-D8C3-4D9A-95FB-975C302AB63B}.Release|x86.ActiveCfg = Release|Any CPU
		{7DD5A7D4-D8C3-4D9A-95FB-975C302AB63B}.Release|x86.Build.0 = Release|Any CPU
		{11301BF4-4AF3-4EFA-B84C-EF676357E4A0}.Debug|Any CPU.ActiveCfg = Debug|x86
		{11301BF4-4AF3-4EFA-B84C-EF676357E4A0}.Debug|Any CPU.Build.0 = Debug|x86
		{11301BF4-4AF3-4EFA-B84C-EF676357E4A0}.Debug|Any CPU.Deploy.0 = Debug|x86
		{11301BF4-4AF3-4EFA-B84C-EF676357E4A0}.Debug|ARM.ActiveCfg = Debug|ARM
		{11301BF4-4AF3-4EFA-B84C-EF676357E4A0}.Debug|ARM.Build.0 = Debug|ARM
		{11301BF4-4AF3-4EFA-B84C-EF676357E4A0}.Debug|ARM.Deploy.0 = Debug|ARM
		{11301BF4-4AF3-4EFA-B84C-EF676357E4A0}.Debug|x64.ActiveCfg = Debug|x64
		{11301BF4-4AF3-4EFA-B84C-EF676357E4A0}.Debug|x64.Build.0 = Debug|x64
		{11301BF4-4AF3-4EFA-B84C-EF676357E4A0}.Debug|x64.Deploy.0 = Debug|x64
		{11301BF4-4AF3-4EFA-B84C-EF676357E4A0}.Debug|x86.ActiveCfg = Debug|x86
		{11301BF4-4AF3-4EFA-B84C-EF676357E4A0}.Debug|x86.Build.0 = Debug|x86
		{11301BF4-4AF3-4EFA-B84C-EF676357E4A0}.Debug|x86.Deploy.0 = Debug|x86
		{11301BF4-4AF3-4EFA-B84C-EF676357E4A0}.Release|Any CPU.ActiveCfg = Release|x86
		{11301BF4-4AF3-4EFA-B84C-EF676357E4A0}.Release|ARM.ActiveCfg = Release|ARM
		{11301BF4-4AF3-4EFA-B84C-EF676357E4A0}.Release|ARM.Build.0 = Release|ARM
		{11301BF4-4AF3-4EFA-B84C-EF676357E4A0}.Release|ARM.Deploy.0 = Release|ARM
		{11301BF4-4AF3-4EFA-B84C-EF676357E4A0}.Release|x64.ActiveCfg = Release|x64
		{11301BF4-4AF3-4EFA-B84C-EF676357E4A0}.Release|x64.Build.0 = Release|x64
		{11301BF4-4AF3-4EFA-B84C-EF676357E4A0}.Release|x64.Deploy.0 = Release|x64
		{11301BF4-4AF3-4EFA-B84C-EF676357E4A0}.Release|x86.ActiveCfg = Release|x86
		{11301BF4-4AF3-4EFA-B84C-EF676357E4A0}.Release|x86.Build.0 = Release|x86
		{11301BF4-4AF3-4EFA-B84C-EF676357E4A0}.Release|x86.Deploy.0 = Release|x86
		{22743880-C091-4144-8F12-490A50256529}.Debug|Any CPU.ActiveCfg = Debug|Any CPU
		{22743880-C091-4144-8F12-490A50256529}.Debug|Any CPU.Build.0 = Debug|Any CPU
		{22743880-C091-4144-8F12-490A50256529}.Debug|ARM.ActiveCfg = Debug|Any CPU
		{22743880-C091-4144-8F12-490A50256529}.Debug|ARM.Build.0 = Debug|Any CPU
		{22743880-C091-4144-8F12-490A50256529}.Debug|x64.ActiveCfg = Debug|Any CPU
		{22743880-C091-4144-8F12-490A50256529}.Debug|x64.Build.0 = Debug|Any CPU
		{22743880-C091-4144-8F12-490A50256529}.Debug|x86.ActiveCfg = Debug|Any CPU
		{22743880-C091-4144-8F12-490A50256529}.Debug|x86.Build.0 = Debug|Any CPU
		{22743880-C091-4144-8F12-490A50256529}.Release|Any CPU.ActiveCfg = Release|Any CPU
		{22743880-C091-4144-8F12-490A50256529}.Release|Any CPU.Build.0 = Release|Any CPU
		{22743880-C091-4144-8F12-490A50256529}.Release|ARM.ActiveCfg = Release|Any CPU
		{22743880-C091-4144-8F12-490A50256529}.Release|ARM.Build.0 = Release|Any CPU
		{22743880-C091-4144-8F12-490A50256529}.Release|x64.ActiveCfg = Release|Any CPU
		{22743880-C091-4144-8F12-490A50256529}.Release|x64.Build.0 = Release|Any CPU
		{22743880-C091-4144-8F12-490A50256529}.Release|x86.ActiveCfg = Release|Any CPU
		{22743880-C091-4144-8F12-490A50256529}.Release|x86.Build.0 = Release|Any CPU
		{8C19691C-45AF-4AF3-ACE5-69772F8BE205}.Debug|Any CPU.ActiveCfg = Debug|x86
		{8C19691C-45AF-4AF3-ACE5-69772F8BE205}.Debug|Any CPU.Build.0 = Debug|x86
		{8C19691C-45AF-4AF3-ACE5-69772F8BE205}.Debug|Any CPU.Deploy.0 = Debug|x86
		{8C19691C-45AF-4AF3-ACE5-69772F8BE205}.Debug|ARM.ActiveCfg = Debug|ARM
		{8C19691C-45AF-4AF3-ACE5-69772F8BE205}.Debug|ARM.Build.0 = Debug|ARM
		{8C19691C-45AF-4AF3-ACE5-69772F8BE205}.Debug|ARM.Deploy.0 = Debug|ARM
		{8C19691C-45AF-4AF3-ACE5-69772F8BE205}.Debug|x64.ActiveCfg = Debug|x64
		{8C19691C-45AF-4AF3-ACE5-69772F8BE205}.Debug|x64.Build.0 = Debug|x64
		{8C19691C-45AF-4AF3-ACE5-69772F8BE205}.Debug|x64.Deploy.0 = Debug|x64
		{8C19691C-45AF-4AF3-ACE5-69772F8BE205}.Debug|x86.ActiveCfg = Debug|x86
		{8C19691C-45AF-4AF3-ACE5-69772F8BE205}.Debug|x86.Build.0 = Debug|x86
		{8C19691C-45AF-4AF3-ACE5-69772F8BE205}.Debug|x86.Deploy.0 = Debug|x86
		{8C19691C-45AF-4AF3-ACE5-69772F8BE205}.Release|Any CPU.ActiveCfg = Release|x86
		{8C19691C-45AF-4AF3-ACE5-69772F8BE205}.Release|ARM.ActiveCfg = Release|ARM
		{8C19691C-45AF-4AF3-ACE5-69772F8BE205}.Release|ARM.Build.0 = Release|ARM
		{8C19691C-45AF-4AF3-ACE5-69772F8BE205}.Release|ARM.Deploy.0 = Release|ARM
		{8C19691C-45AF-4AF3-ACE5-69772F8BE205}.Release|x64.ActiveCfg = Release|x64
		{8C19691C-45AF-4AF3-ACE5-69772F8BE205}.Release|x64.Build.0 = Release|x64
		{8C19691C-45AF-4AF3-ACE5-69772F8BE205}.Release|x64.Deploy.0 = Release|x64
		{8C19691C-45AF-4AF3-ACE5-69772F8BE205}.Release|x86.ActiveCfg = Release|x86
		{8C19691C-45AF-4AF3-ACE5-69772F8BE205}.Release|x86.Build.0 = Release|x86
		{8C19691C-45AF-4AF3-ACE5-69772F8BE205}.Release|x86.Deploy.0 = Release|x86
		{CE7B9158-24B4-4FB8-810B-3E361CD3BC95}.Debug|Any CPU.ActiveCfg = Debug|Any CPU
		{CE7B9158-24B4-4FB8-810B-3E361CD3BC95}.Debug|Any CPU.Build.0 = Debug|Any CPU
		{CE7B9158-24B4-4FB8-810B-3E361CD3BC95}.Debug|ARM.ActiveCfg = Debug|Any CPU
		{CE7B9158-24B4-4FB8-810B-3E361CD3BC95}.Debug|ARM.Build.0 = Debug|Any CPU
		{CE7B9158-24B4-4FB8-810B-3E361CD3BC95}.Debug|x64.ActiveCfg = Debug|Any CPU
		{CE7B9158-24B4-4FB8-810B-3E361CD3BC95}.Debug|x64.Build.0 = Debug|Any CPU
		{CE7B9158-24B4-4FB8-810B-3E361CD3BC95}.Debug|x86.ActiveCfg = Debug|Any CPU
		{CE7B9158-24B4-4FB8-810B-3E361CD3BC95}.Debug|x86.Build.0 = Debug|Any CPU
		{CE7B9158-24B4-4FB8-810B-3E361CD3BC95}.Release|Any CPU.ActiveCfg = Release|Any CPU
		{CE7B9158-24B4-4FB8-810B-3E361CD3BC95}.Release|Any CPU.Build.0 = Release|Any CPU
		{CE7B9158-24B4-4FB8-810B-3E361CD3BC95}.Release|ARM.ActiveCfg = Release|Any CPU
		{CE7B9158-24B4-4FB8-810B-3E361CD3BC95}.Release|ARM.Build.0 = Release|Any CPU
		{CE7B9158-24B4-4FB8-810B-3E361CD3BC95}.Release|x64.ActiveCfg = Release|Any CPU
		{CE7B9158-24B4-4FB8-810B-3E361CD3BC95}.Release|x64.Build.0 = Release|Any CPU
		{CE7B9158-24B4-4FB8-810B-3E361CD3BC95}.Release|x86.ActiveCfg = Release|Any CPU
		{CE7B9158-24B4-4FB8-810B-3E361CD3BC95}.Release|x86.Build.0 = Release|Any CPU
	EndGlobalSection
	GlobalSection(SolutionProperties) = preSolution
		HideSolutionNode = FALSE
	EndGlobalSection
EndGlobal
